
Microsoft Visual Studio Solution File, Format Version 12.00
# Visual Studio 15
VisualStudioVersion = 15.0.28307.902
MinimumVisualStudioVersion = 10.0.40219.1
Project("{FAE04EC0-301F-11D3-BF4B-00C04F79EFBC}") = "WinForms", "WinForms\WinForms.csproj", "{9ADE3F2F-D316-4FB3-AD78-66C41EE7972F}"
EndProject
Project("{FAE04EC0-301F-11D3-BF4B-00C04F79EFBC}") = "Common", "Common\Common.csproj", "{D7F679B6-9C35-472B-9E88-631F4FA134BD}"
EndProject
Global
	GlobalSection(SolutionConfigurationPlatforms) = preSolution
		Debug|Any CPU = Debug|Any CPU
		Release|Any CPU = Release|Any CPU
	EndGlobalSection
	GlobalSection(ProjectConfigurationPlatforms) = postSolution
		{9ADE3F2F-D316-4FB3-AD78-66C41EE7972F}.Debug|Any CPU.ActiveCfg = Debug|Any CPU
		{9ADE3F2F-D316-4FB3-AD78-66C41EE7972F}.Debug|Any CPU.Build.0 = Debug|Any CPU
		{9ADE3F2F-D316-4FB3-AD78-66C41EE7972F}.Release|Any CPU.ActiveCfg = Release|Any CPU
		{9ADE3F2F-D316-4FB3-AD78-66C41EE7972F}.Release|Any CPU.Build.0 = Release|Any CPU
		{D7F679B6-9C35-472B-9E88-631F4FA134BD}.Debug|Any CPU.ActiveCfg = Debug|Any CPU
		{D7F679B6-9C35-472B-9E88-631F4FA134BD}.Debug|Any CPU.Build.0 = Debug|Any CPU
		{D7F679B6-9C35-472B-9E88-631F4FA134BD}.Release|Any CPU.ActiveCfg = Release|Any CPU
		{D7F679B6-9C35-472B-9E88-631F4FA134BD}.Release|Any CPU.Build.0 = Release|Any CPU
	EndGlobalSection
	GlobalSection(SolutionProperties) = preSolution
		HideSolutionNode = FALSE
	EndGlobalSection
	GlobalSection(ExtensibilityGlobals) = postSolution
		SolutionGuid = {5FC05260-9284-4D2B-9AB6-530EC8516E84}
	EndGlobalSection
EndGlobal
